devDependencies:
  '@rbxts/compiler-types': 1.0.0-beta.15.1
  '@rbxts/types': 1.0.453
lockfileVersion: 5.2
packages:
  /@rbxts/compiler-types/1.0.0-beta.15.1:
    dev: true
    resolution:
      integrity: sha512-xF7i8n4dBzj9nIPoI2GLNdTtk0ijEJy6mkZ4PAlpxj39sQOR7ekyaOG/wyoB1D1+m4yIz2uCtviLvVJI47BjnQ==
  /@rbxts/types/1.0.453:
    dev: true
    resolution:
      integrity: sha512-AhG48CVN4Cb+OsRjopiLzL+u5uDFsKI7CEMaARrDBIOk10wxxW3Tn9Iz/lAWOhC9W4oJVvCkF6SUFEe2EgVWlQ==
specifiers:
  '@rbxts/compiler-types': ^1.0.0-beta.15.1
  '@rbxts/types': ^1.0.453
